
Microsoft Visual Studio Solution File, Format Version 12.00
# Visual Studio Version 16
VisualStudioVersion = 16.0.30907.101
MinimumVisualStudioVersion = 10.0.40219.1
Project("{8BC9CEB8-8B4A-11D0-8D11-00A0C91BC942}") = "CExample", "CExample\CExample.vcxproj", "{717CE159-03DB-4579-A03A-33F28182077F}"
EndProject
Project("{FAE04EC0-301F-11D3-BF4B-00C04F79EFBC}") = "CSharpExample", "CSharpExample\CSharpExample.csproj", "{C6C10691-25F6-4176-B66C-38AC9D884147}"
EndProject
Global
	GlobalSection(SolutionConfigurationPlatforms) = preSolution
		Debug|Any CPU = Debug|Any CPU
		Debug|x64 = Debug|x64
		Debug|x86 = Debug|x86
		Release|Any CPU = Release|Any CPU
		Release|x64 = Release|x64
		Release|x86 = Release|x86
	EndGlobalSection
	GlobalSection(ProjectConfigurationPlatforms) = postSolution
		{717CE159-03DB-4579-A03A-33F28182077F}.Debug|Any CPU.ActiveCfg = Debug|Win32
		{717CE159-03DB-4579-A03A-33F28182077F}.Debug|x64.ActiveCfg = Debug|x64
		{717CE159-03DB-4579-A03A-33F28182077F}.Debug|x64.Build.0 = Debug|x64
		{717CE159-03DB-4579-A03A-33F28182077F}.Debug|x86.ActiveCfg = Debug|Win32
		{717CE159-03DB-4579-A03A-33F28182077F}.Debug|x86.Build.0 = Debug|Win32
		{717CE159-03DB-4579-A03A-33F28182077F}.Release|Any CPU.ActiveCfg = Release|Win32
		{717CE159-03DB-4579-A03A-33F28182077F}.Release|x64.ActiveCfg = Release|x64
		{717CE159-03DB-4579-A03A-33F28182077F}.Release|x64.Build.0 = Release|x64
		{717CE159-03DB-4579-A03A-33F28182077F}.Release|x86.ActiveCfg = Release|Win32
		{717CE159-03DB-4579-A03A-33F28182077F}.Release|x86.Build.0 = Release|Win32
		{C6C10691-25F6-4176-B66C-38AC9D884147}.Debug|Any CPU.ActiveCfg = Debug|Any CPU
		{C6C10691-25F6-4176-B66C-38AC9D884147}.Debug|Any CPU.Build.0 = Debug|Any CPU
		{C6C10691-25F6-4176-B66C-38AC9D884147}.Debug|x64.ActiveCfg = Debug|Any CPU
		{C6C10691-25F6-4176-B66C-38AC9D884147}.Debug|x64.Build.0 = Debug|Any CPU
		{C6C10691-25F6-4176-B66C-38AC9D884147}.Debug|x86.ActiveCfg = Debug|Any CPU
		{C6C10691-25F6-4176-B66C-38AC9D884147}.Debug|x86.Build.0 = Debug|Any CPU
		{C6C10691-25F6-4176-B66C-38AC9D884147}.Release|Any CPU.ActiveCfg = Release|Any CPU
		{C6C10691-25F6-4176-B66C-38AC9D884147}.Release|Any CPU.Build.0 = Release|Any CPU
		{C6C10691-25F6-4176-B66C-38AC9D884147}.Release|x64.ActiveCfg = Release|Any CPU
		{C6C10691-25F6-4176-B66C-38AC9D884147}.Release|x64.Build.0 = Release|Any CPU
		{C6C10691-25F6-4176-B66C-38AC9D884147}.Release|x86.ActiveCfg = Release|Any CPU
		{C6C10691-25F6-4176-B66C-38AC9D884147}.Release|x86.Build.0 = Release|Any CPU
	EndGlobalSection
	GlobalSection(SolutionProperties) = preSolution
		HideSolutionNode = FALSE
	EndGlobalSection
	GlobalSection(ExtensibilityGlobals) = postSolution
		SolutionGuid = {1DFC4D79-9B75-45E2-B53C-D29C09217A2A}
	EndGlobalSection
EndGlobal
